
Microsoft Visual Studio Solution File, Format Version 12.00
# Visual Studio Version 17
VisualStudioVersion = 17.0.31903.59
MinimumVisualStudioVersion = 10.0.40219.1
Project("{FAE04EC0-301F-11D3-BF4B-00C04F79EFBC}") = "{{PROJECT_NAME}}.Domain", "src\{{PROJECT_NAME}}.Domain\{{PROJECT_NAME}}.Domain.csproj", "{00000000-0000-0000-0000-000000000001}"
EndProject
Project("{FAE04EC0-301F-11D3-BF4B-00C04F79EFBC}") = "{{PROJECT_NAME}}.Application", "src\{{PROJECT_NAME}}.Application\{{PROJECT_NAME}}.Application.csproj", "{00000000-0000-0000-0000-000000000002}"
EndProject
Project("{FAE04EC0-301F-11D3-BF4B-00C04F79EFBC}") = "{{PROJECT_NAME}}.Infrastructure", "src\{{PROJECT_NAME}}.Infrastructure\{{PROJECT_NAME}}.Infrastructure.csproj", "{00000000-0000-0000-0000-000000000003}"
EndProject
Project("{FAE04EC0-301F-11D3-BF4B-00C04F79EFBC}") = "{{PROJECT_NAME}}.API", "src\{{PROJECT_NAME}}.API\{{PROJECT_NAME}}.API.csproj", "{00000000-0000-0000-0000-000000000004}"
EndProject
Global
	GlobalSection(SolutionConfigurationPlatforms) = preSolution
		Debug|Any CPU = Debug|Any CPU
		Release|Any CPU = Release|Any CPU
	EndGlobalSection
EndGlobal
